// !$*UTF8*$!
{
	archiveVersion = 1;
	classes = {
	};
	objectVersion = 55;
	objects = {

/* Begin PBXBuildFile section */
		736273B9293B651400B19E0D /* TodoModel.xcdatamodeld in Sources */ = {isa = PBXBuildFile; fileRef = 736273B7293B651400B19E0D /* TodoModel.xcdatamodeld */; };
		736273BB293B929200B19E0D /* ExtensionAlert.swift in Sources */ = {isa = PBXBuildFile; fileRef = 736273BA293B929200B19E0D /* ExtensionAlert.swift */; };
		73D69963292F742600EF80CE /* AppDelegate.swift in Sources */ = {isa = PBXBuildFile; fileRef = 73D69962292F742600EF80CE /* AppDelegate.swift */; };
		73D69965292F742600EF80CE /* SceneDelegate.swift in Sources */ = {isa = PBXBuildFile; fileRef = 73D69964292F742600EF80CE /* SceneDelegate.swift */; };
		73D69967292F742600EF80CE /* TodosVC.swift in Sources */ = {isa = PBXBuildFile; fileRef = 73D69966292F742600EF80CE /* TodosVC.swift */; };
		73D6996A292F742600EF80CE /* Main.storyboard in Resources */ = {isa = PBXBuildFile; fileRef = 73D69968292F742600EF80CE /* Main.storyboard */; };
		73D6996C292F742800EF80CE /* Assets.xcassets in Resources */ = {isa = PBXBuildFile; fileRef = 73D6996B292F742800EF80CE /* Assets.xcassets */; };
		73D6996F292F742800EF80CE /* LaunchScreen.storyboard in Resources */ = {isa = PBXBuildFile; fileRef = 73D6996D292F742800EF80CE /* LaunchScreen.storyboard */; };
		73D69977292F7C8000EF80CE /* TodoCell.swift in Sources */ = {isa = PBXBuildFile; fileRef = 73D69976292F7C8000EF80CE /* TodoCell.swift */; };
		73D69979292F7F3200EF80CE /* Todo.swift in Sources */ = {isa = PBXBuildFile; fileRef = 73D69978292F7F3200EF80CE /* Todo.swift */; };
		73D6997B292F864800EF80CE /* DetailsVC.swift in Sources */ = {isa = PBXBuildFile; fileRef = 73D6997A292F864800EF80CE /* DetailsVC.swift */; };
		73D6997D292F955100EF80CE /* NewTodoVC.swift in Sources */ = {isa = PBXBuildFile; fileRef = 73D6997C292F955000EF80CE /* NewTodoVC.swift */; };
/* End PBXBuildFile section */

/* Begin PBXFileReference section */
		736273B8293B651400B19E0D /* TodoModel.xcdatamodel */ = {isa = PBXFileReference; lastKnownFileType = wrapper.xcdatamodel; path = TodoModel.xcdatamodel; sourceTree = "<group>"; };
		736273BA293B929200B19E0D /* ExtensionAlert.swift */ = {isa = PBXFileReference; lastKnownFileType = sourcecode.swift; path = ExtensionAlert.swift; sourceTree = "<group>"; };
		73D6995F292F742400EF80CE /* Todo_List(CoreData).app */ = {isa = PBXFileReference; explicitFileType = wrapper.application; includeInIndex = 0; path = "Todo_List(CoreData).app"; sourceTree = BUILT_PRODUCTS_DIR; };
		73D69962292F742600EF80CE /* AppDelegate.swift */ = {isa = PBXFileReference; lastKnownFileType = sourcecode.swift; path = AppDelegate.swift; sourceTree = "<group>"; };
		73D69964292F742600EF80CE /* SceneDelegate.swift */ = {isa = PBXFileReference; lastKnownFileType = sourcecode.swift; path = SceneDelegate.swift; sourceTree = "<group>"; };
		73D69966292F742600EF80CE /* TodosVC.swift */ = {isa = PBXFileReference; lastKnownFileType = sourcecode.swift; path = TodosVC.swift; sourceTree = "<group>"; };
		73D69969292F742600EF80CE /* Base */ = {isa = PBXFileReference; lastKnownFileType = file.storyboard; name = Base; path = Base.lproj/Main.storyboard; sourceTree = "<group>"; };
		73D6996B292F742800EF80CE /* Assets.xcassets */ = {isa = PBXFileReference; lastKnownFileType = folder.assetcatalog; path = Assets.xcassets; sourceTree = "<group>"; };
		73D6996E292F742800EF80CE /* Base */ = {isa = PBXFileReference; lastKnownFileType = file.storyboard; name = Base; path = Base.lproj/LaunchScreen.storyboard; sourceTree = "<group>"; };
		73D69970292F742800EF80CE /* Info.plist */ = {isa = PBXFileReference; lastKnownFileType = text.plist.xml; path = Info.plist; sourceTree = "<group>"; };
		73D69976292F7C8000EF80CE /* TodoCell.swift */ = {isa = PBXFileReference; lastKnownFileType = sourcecode.swift; path = TodoCell.swift; sourceTree = "<group>"; };
		73D69978292F7F3200EF80CE /* Todo.swift */ = {isa = PBXFileReference; lastKnownFileType = sourcecode.swift; path = Todo.swift; sourceTree = "<group>"; };
		73D6997A292F864800EF80CE /* DetailsVC.swift */ = {isa = PBXFileReference; lastKnownFileType = sourcecode.swift; path = DetailsVC.swift; sourceTree = "<group>"; };
		73D6997C292F955000EF80CE /* NewTodoVC.swift */ = {isa = PBXFileReference; lastKnownFileType = sourcecode.swift; path = NewTodoVC.swift; sourceTree = "<group>"; };
/* End PBXFileReference section */

/* Begin PBXFrameworksBuildPhase section */
		73D6995C292F742400EF80CE /* Frameworks */ = {
			isa = PBXFrameworksBuildPhase;
			buildActionMask = 2147483647;
			files = (
			);
			runOnlyForDeploymentPostprocessing = 0;
		};
/* End PBXFrameworksBuildPhase section */

/* Begin PBXGroup section */
		73D69956292F742400EF80CE = {
			isa = PBXGroup;
			children = (
				73D69961292F742400EF80CE /* Todo_List(CoreData) */,
				73D69960292F742400EF80CE /* Products */,
			);
			sourceTree = "<group>";
		};
		73D69960292F742400EF80CE /* Products */ = {
			isa = PBXGroup;
			children = (
				73D6995F292F742400EF80CE /* Todo_List(CoreData).app */,
			);
			name = Products;
			sourceTree = "<group>";
		};
		73D69961292F742400EF80CE /* Todo_List(CoreData) */ = {
			isa = PBXGroup;
			children = (
				73D69962292F742600EF80CE /* AppDelegate.swift */,
				73D69964292F742600EF80CE /* SceneDelegate.swift */,
				73D69966292F742600EF80CE /* TodosVC.swift */,
				73D6997A292F864800EF80CE /* DetailsVC.swift */,
				73D69978292F7F3200EF80CE /* Todo.swift */,
				73D6997C292F955000EF80CE /* NewTodoVC.swift */,
				73D69976292F7C8000EF80CE /* TodoCell.swift */,
				73D69968292F742600EF80CE /* Main.storyboard */,
				73D6996B292F742800EF80CE /* Assets.xcassets */,
				73D6996D292F742800EF80CE /* LaunchScreen.storyboard */,
				73D69970292F742800EF80CE /* Info.plist */,
				736273B7293B651400B19E0D /* TodoModel.xcdatamodeld */,
				736273BA293B929200B19E0D /* ExtensionAlert.swift */,
			);
			path = "Todo_List(CoreData)";
			sourceTree = "<group>";
		};
/* End PBXGroup section */

/* Begin PBXNativeTarget section */
		73D6995E292F742400EF80CE /* Todo_List(CoreData) */ = {
			isa = PBXNativeTarget;
			buildConfigurationList = 73D69973292F742800EF80CE /* Build configuration list for PBXNativeTarget "Todo_List(CoreData)" */;
			buildPhases = (
				73D6995B292F742400EF80CE /* Sources */,
				73D6995C292F742400EF80CE /* Frameworks */,
				73D6995D292F742400EF80CE /* Resources */,
			);
			buildRules = (
			);
			dependencies = (
			);
			name = "Todo_List(CoreData)";
			productName = "Todo_List(CoreData)";
			productReference = 73D6995F292F742400EF80CE /* Todo_List(CoreData).app */;
			productType = "com.apple.product-type.application";
		};
/* End PBXNativeTarget section */

/* Begin PBXProject section */
		73D69957292F742400EF80CE /* Project object */ = {
			isa = PBXProject;
			attributes = {
				BuildIndependentTargetsInParallel = 1;
				LastSwiftUpdateCheck = 1320;
				LastUpgradeCheck = 1320;
				TargetAttributes = {
					73D6995E292F742400EF80CE = {
						CreatedOnToolsVersion = 13.2.1;
					};
				};
			};
			buildConfigurationList = 73D6995A292F742400EF80CE /* Build configuration list for PBXProject "Todo_List(CoreData)" */;
			compatibilityVersion = "Xcode 13.0";
			developmentRegion = en;
			hasScannedForEncodings = 0;
			knownRegions = (
				en,
				Base,
			);
			mainGroup = 73D69956292F742400EF80CE;
			productRefGroup = 73D69960292F742400EF80CE /* Products */;
			projectDirPath = "";
			projectRoot = "";
			targets = (
				73D6995E292F742400EF80CE /* Todo_List(CoreData) */,
			);
		};
/* End PBXProject section */

/* Begin PBXResourcesBuildPhase section */
		73D6995D292F742400EF80CE /* Resources */ = {
			isa = PBXResourcesBuildPhase;
			buildActionMask = 2147483647;
			files = (
				73D6996F292F742800EF80CE /* LaunchScreen.storyboard in Resources */,
				73D6996C292F742800EF80CE /* Assets.xcassets in Resources */,
				73D6996A292F742600EF80CE /* Main.storyboard in Resources */,
			);
			runOnlyForDeploymentPostprocessing = 0;
		};
/* End PBXResourcesBuildPhase section */

/* Begin PBXSourcesBuildPhase section */
		73D6995B292F742400EF80CE /* Sources */ = {
			isa = PBXSourcesBuildPhase;
			buildActionMask = 2147483647;
			files = (
				73D69967292F742600EF80CE /* TodosVC.swift in Sources */,
				73D6997D292F955100EF80CE /* NewTodoVC.swift in Sources */,
				73D6997B292F864800EF80CE /* DetailsVC.swift in Sources */,
				73D69963292F742600EF80CE /* AppDelegate.swift in Sources */,
				73D69965292F742600EF80CE /* SceneDelegate.swift in Sources */,
				736273B9293B651400B19E0D /* TodoModel.xcdatamodeld in Sources */,
				736273BB293B929200B19E0D /* ExtensionAlert.swift in Sources */,
				73D69977292F7C8000EF80CE /* TodoCell.swift in Sources */,
				73D69979292F7F3200EF80CE /* Todo.swift in Sources */,
			);
			runOnlyForDeploymentPostprocessing = 0;
		};
/* End PBXSourcesBuildPhase section */

/* Begin PBXVariantGroup section */
		73D69968292F742600EF80CE /* Main.storyboard */ = {
			isa = PBXVariantGroup;
			children = (
				73D69969292F742600EF80CE /* Base */,
			);
			name = Main.storyboard;
			sourceTree = "<group>";
		};
		73D6996D292F742800EF80CE /* LaunchScreen.storyboard */ = {
			isa = PBXVariantGroup;
			children = (
				73D6996E292F742800EF80CE /* Base */,
			);
			name = LaunchScreen.storyboard;
			sourceTree = "<group>";
		};
/* End PBXVariantGroup section */

/* Begin XCBuildConfiguration section */
		73D69971292F742800EF80CE /* Debug */ = {
			isa = XCBuildConfiguration;
			buildSettings = {
				ALWAYS_SEARCH_USER_PATHS = NO;
				CLANG_ANALYZER_NONNULL = YES;
				CLANG_ANALYZER_NUMBER_OBJECT_CONVERSION = YES_AGGRESSIVE;
				CLANG_CXX_LANGUAGE_STANDARD = "gnu++17";
				CLANG_CXX_LIBRARY = "libc++";
				CLANG_ENABLE_MODULES = YES;
				CLANG_ENABLE_OBJC_ARC = YES;
				CLANG_ENABLE_OBJC_WEAK = YES;
				CLANG_WARN_BLOCK_CAPTURE_AUTORELEASING = YES;
				CLANG_WARN_BOOL_CONVERSION = YES;
				CLANG_WARN_COMMA = YES;
				CLANG_WARN_CONSTANT_CONVERSION = YES;
				CLANG_WARN_DEPRECATED_OBJC_IMPLEMENTATIONS = YES;
				CLANG_WARN_DIRECT_OBJC_ISA_USAGE = YES_ERROR;
				CLANG_WARN_DOCUMENTATION_COMMENTS = YES;
				CLANG_WARN_EMPTY_BODY = YES;
				CLANG_WARN_ENUM_CONVERSION = YES;
				CLANG_WARN_INFINITE_RECURSION = YES;
				CLANG_WARN_INT_CONVERSION = YES;
				CLANG_WARN_NON_LITERAL_NULL_CONVERSION = YES;
				CLANG_WARN_OBJC_IMPLICIT_RETAIN_SELF = YES;
				CLANG_WARN_OBJC_LITERAL_CONVERSION = YES;
				CLANG_WARN_OBJC_ROOT_CLASS = YES_ERROR;
				CLANG_WARN_QUOTED_INCLUDE_IN_FRAMEWORK_HEADER = YES;
				CLANG_WARN_RANGE_LOOP_ANALYSIS = YES;
				CLANG_WARN_STRICT_PROTOTYPES = YES;
				CLANG_WARN_SUSPICIOUS_MOVE = YES;
				CLANG_WARN_UNGUARDED_AVAILABILITY = YES_AGGRESSIVE;
				CLANG_WARN_UNREACHABLE_CODE = YES;
				CLANG_WARN__DUPLICATE_METHOD_MATCH = YES;
				COPY_PHASE_STRIP = NO;
				DEBUG_INFORMATION_FORMAT = dwarf;
				ENABLE_STRICT_OBJC_MSGSEND = YES;
				ENABLE_TESTABILITY = YES;
				GCC_C_LANGUAGE_STANDARD = gnu11;
				GCC_DYNAMIC_NO_PIC = NO;
				GCC_NO_COMMON_BLOCKS = YES;
				GCC_OPTIMIZATION_LEVEL = 0;
				GCC_PREPROCESSOR_DEFINITIONS = (
					"DEBUG=1",
					"$(inherited)",
				);
				GCC_WARN_64_TO_32_BIT_CONVERSION = YES;
				GCC_WARN_ABOUT_RETURN_TYPE = YES_ERROR;
				GCC_WARN_UNDECLARED_SELECTOR = YES;
				GCC_WARN_UNINITIALIZED_AUTOS = YES_AGGRESSIVE;
				GCC_WARN_UNUSED_FUNCTION = YES;
				GCC_WARN_UNUSED_VARIABLE = YES;
				IPHONEOS_DEPLOYMENT_TARGET = 15.2;
				MTL_ENABLE_DEBUG_INFO = INCLUDE_SOURCE;
				MTL_FAST_MATH = YES;
				ONLY_ACTIVE_ARCH = YES;
				SDKROOT = iphoneos;
				SWIFT_ACTIVE_COMPILATION_CONDITIONS = DEBUG;
				SWIFT_OPTIMIZATION_LEVEL = "-Onone";
			};
			name = Debug;
		};
		73D69972292F742800EF80CE /* Release */ = {
			isa = XCBuildConfiguration;
			buildSettings = {
				ALWAYS_SEARCH_USER_PATHS = NO;
				CLANG_ANALYZER_NONNULL = YES;
				CLANG_ANALYZER_NUMBER_OBJECT_CONVERSION = YES_AGGRESSIVE;
				CLANG_CXX_LANGUAGE_STANDARD = "gnu++17";
				CLANG_CXX_LIBRARY = "libc++";
				CLANG_ENABLE_MODULES = YES;
				CLANG_ENABLE_OBJC_ARC = YES;
				CLANG_ENABLE_OBJC_WEAK = YES;
				CLANG_WARN_BLOCK_CAPTURE_AUTORELEASING = YES;
				CLANG_WARN_BOOL_CONVERSION = YES;
				CLANG_WARN_COMMA = YES;
				CLANG_WARN_CONSTANT_CONVERSION = YES;
				CLANG_WARN_DEPRECATED_OBJC_IMPLEMENTATIONS = YES;
				CLANG_WARN_DIRECT_OBJC_ISA_USAGE = YES_ERROR;
				CLANG_WARN_DOCUMENTATION_COMMENTS = YES;
				CLANG_WARN_EMPTY_BODY = YES;
				CLANG_WARN_ENUM_CONVERSION = YES;
				CLANG_WARN_INFINITE_RECURSION = YES;
				CLANG_WARN_INT_CONVERSION = YES;
				CLANG_WARN_NON_LITERAL_NULL_CONVERSION = YES;
				CLANG_WARN_OBJC_IMPLICIT_RETAIN_SELF = YES;
				CLANG_WARN_OBJC_LITERAL_CONVERSION = YES;
				CLANG_WARN_OBJC_ROOT_CLASS = YES_ERROR;
				CLANG_WARN_QUOTED_INCLUDE_IN_FRAMEWORK_HEADER = YES;
				CLANG_WARN_RANGE_LOOP_ANALYSIS = YES;
				CLANG_WARN_STRICT_PROTOTYPES = YES;
				CLANG_WARN_SUSPICIOUS_MOVE = YES;
				CLANG_WARN_UNGUARDED_AVAILABILITY = YES_AGGRESSIVE;
				CLANG_WARN_UNREACHABLE_CODE = YES;
				CLANG_WARN__DUPLICATE_METHOD_MATCH = YES;
				COPY_PHASE_STRIP = NO;
				DEBUG_INFORMATION_FORMAT = "dwarf-with-dsym";
				ENABLE_NS_ASSERTIONS = NO;
				ENABLE_STRICT_OBJC_MSGSEND = YES;
				GCC_C_LANGUAGE_STANDARD = gnu11;
				GCC_NO_COMMON_BLOCKS = YES;
				GCC_WARN_64_TO_32_BIT_CONVERSION = YES;
				GCC_WARN_ABOUT_RETURN_TYPE = YES_ERROR;
				GCC_WARN_UNDECLARED_SELECTOR = YES;
				GCC_WARN_UNINITIALIZED_AUTOS = YES_AGGRESSIVE;
				GCC_WARN_UNUSED_FUNCTION = YES;
				GCC_WARN_UNUSED_VARIABLE = YES;
				IPHONEOS_DEPLOYMENT_TARGET = 15.2;
				MTL_ENABLE_DEBUG_INFO = NO;
				MTL_FAST_MATH = YES;
				SDKROOT = iphoneos;
				SWIFT_COMPILATION_MODE = wholemodule;
				SWIFT_OPTIMIZATION_LEVEL = "-O";
				VALIDATE_PRODUCT = YES;
			};
			name = Release;
		};
		73D69974292F742800EF80CE /* Debug */ = {
			isa = XCBuildConfiguration;
			buildSettings = {
				ASSETCATALOG_COMPILER_APPICON_NAME = AppIcon;
				ASSETCATALOG_COMPILER_GLOBAL_ACCENT_COLOR_NAME = AccentColor;
				CODE_SIGN_STYLE = Automatic;
				CURRENT_PROJECT_VERSION = 1;
				DEVELOPMENT_TEAM = 48564ABKVZ;
				GENERATE_INFOPLIST_FILE = YES;
				INFOPLIST_FILE = "Todo_List(CoreData)/Info.plist";
				INFOPLIST_KEY_UIApplicationSupportsIndirectInputEvents = YES;
				INFOPLIST_KEY_UILaunchStoryboardName = LaunchScreen;
				INFOPLIST_KEY_UIMainStoryboardFile = Main;
				INFOPLIST_KEY_UISupportedInterfaceOrientations_iPad = "UIInterfaceOrientationPortrait UIInterfaceOrientationPortraitUpsideDown UIInterfaceOrientationLandscapeLeft UIInterfaceOrientationLandscapeRight";
				INFOPLIST_KEY_UISupportedInterfaceOrientations_iPhone = "UIInterfaceOrientationPortrait UIInterfaceOrientationLandscapeLeft UIInterfaceOrientationLandscapeRight";
				LD_RUNPATH_SEARCH_PATHS = (
					"$(inherited)",
					"@executable_path/Frameworks",
				);
				MARKETING_VERSION = 1.0;
				PRODUCT_BUNDLE_IDENTIFIER = "iosdev.Todo-List-CoreData-";
				PRODUCT_NAME = "$(TARGET_NAME)";
				SWIFT_EMIT_LOC_STRINGS = YES;
				SWIFT_VERSION = 5.0;
				TARGETED_DEVICE_FAMILY = "1,2";
			};
			name = Debug;
		};
		73D69975292F742800EF80CE /* Release */ = {
			isa = XCBuildConfiguration;
			buildSettings = {
				ASSETCATALOG_COMPILER_APPICON_NAME = AppIcon;
				ASSETCATALOG_COMPILER_GLOBAL_ACCENT_COLOR_NAME = AccentColor;
				CODE_SIGN_STYLE = Automatic;
				CURRENT_PROJECT_VERSION = 1;
				DEVELOPMENT_TEAM = 48564ABKVZ;
				GENERATE_INFOPLIST_FILE = YES;
				INFOPLIST_FILE = "Todo_List(CoreData)/Info.plist";
				INFOPLIST_KEY_UIApplicationSupportsIndirectInputEvents = YES;
				INFOPLIST_KEY_UILaunchStoryboardName = LaunchScreen;
				INFOPLIST_KEY_UIMainStoryboardFile = Main;
				INFOPLIST_KEY_UISupportedInterfaceOrientations_iPad = "UIInterfaceOrientationPortrait UIInterfaceOrientationPortraitUpsideDown UIInterfaceOrientationLandscapeLeft UIInterfaceOrientationLandscapeRight";
				INFOPLIST_KEY_UISupportedInterfaceOrientations_iPhone = "UIInterfaceOrientationPortrait UIInterfaceOrientationLandscapeLeft UIInterfaceOrientationLandscapeRight";
				LD_RUNPATH_SEARCH_PATHS = (
					"$(inherited)",
					"@executable_path/Frameworks",
				);
				MARKETING_VERSION = 1.0;
				PRODUCT_BUNDLE_IDENTIFIER = "iosdev.Todo-List-CoreData-";
				PRODUCT_NAME = "$(TARGET_NAME)";
				SWIFT_EMIT_LOC_STRINGS = YES;
				SWIFT_VERSION = 5.0;
				TARGETED_DEVICE_FAMILY = "1,2";
			};
			name = Release;
		};
/* End XCBuildConfiguration section */

/* Begin XCConfigurationList section */
		73D6995A292F742400EF80CE /* Build configuration list for PBXProject "Todo_List(CoreData)" */ = {
			isa = XCConfigurationList;
			buildConfigurations = (
				73D69971292F742800EF80CE /* Debug */,
				73D69972292F742800EF80CE /* Release */,
			);
			defaultConfigurationIsVisible = 0;
			defaultConfigurationName = Release;
		};
		73D69973292F742800EF80CE /* Build configuration list for PBXNativeTarget "Todo_List(CoreData)" */ = {
			isa = XCConfigurationList;
			buildConfigurations = (
				73D69974292F742800EF80CE /* Debug */,
				73D69975292F742800EF80CE /* Release */,
			);
			defaultConfigurationIsVisible = 0;
			defaultConfigurationName = Release;
		};
/* End XCConfigurationList section */

/* Begin XCVersionGroup section */
		736273B7293B651400B19E0D /* TodoModel.xcdatamodeld */ = {
			isa = XCVersionGroup;
			children = (
				736273B8293B651400B19E0D /* TodoModel.xcdatamodel */,
			);
			currentVersion = 736273B8293B651400B19E0D /* TodoModel.xcdatamodel */;
			path = TodoModel.xcdatamodeld;
			sourceTree = "<group>";
			versionGroupType = wrapper.xcdatamodel;
		};
/* End XCVersionGroup section */
	};
	rootObject = 73D69957292F742400EF80CE /* Project object */;
}
